
Microsoft Visual Studio Solution File, Format Version 12.00
# Visual Studio Version 16
VisualStudioVersion = 16.0.30907.101
MinimumVisualStudioVersion = 10.0.40219.1
Project("{FAE04EC0-301F-11D3-BF4B-00C04F79EFBC}") = "PomagajLokalnie", "PomagajLokalnie\PomagajLokalnie.csproj", "{CCBB5756-E9ED-42FD-8EAE-83D20E300BE5}"
EndProject
Global
	GlobalSection(SolutionConfigurationPlatforms) = preSolution
		Debug|Any CPU = Debug|Any CPU
		Release|Any CPU = Release|Any CPU
	EndGlobalSection
	GlobalSection(ProjectConfigurationPlatforms) = postSolution
		{CCBB5756-E9ED-42FD-8EAE-83D20E300BE5}.Debug|Any CPU.ActiveCfg = Debug|Any CPU
		{CCBB5756-E9ED-42FD-8EAE-83D20E300BE5}.Debug|Any CPU.Build.0 = Debug|Any CPU
		{CCBB5756-E9ED-42FD-8EAE-83D20E300BE5}.Release|Any CPU.ActiveCfg = Release|Any CPU
		{CCBB5756-E9ED-42FD-8EAE-83D20E300BE5}.Release|Any CPU.Build.0 = Release|Any CPU
	EndGlobalSection
	GlobalSection(SolutionProperties) = preSolution
		HideSolutionNode = FALSE
	EndGlobalSection
	GlobalSection(ExtensibilityGlobals) = postSolution
		SolutionGuid = {5952C5D1-1377-4976-95E9-3C8300585E55}
	EndGlobalSection
EndGlobal
